
Microsoft Visual Studio Solution File, Format Version 12.00
# Visual Studio Version 16
VisualStudioVersion = 16.0.30804.86
MinimumVisualStudioVersion = 10.0.40219.1
Project("{9A19103F-16F7-4668-BE54-9A1E7A4F7556}") = "Codenception.StairwayPatternArchitecture.Domain.Interfaces", "Codenception.StairwayPatternArchitecture.Domain.Interfaces\Codenception.StairwayPatternArchitecture.Domain.Interfaces.csproj", "{7F43ADC7-BB5A-419E-A6B1-E14FB8C558CC}"
EndProject
Project("{9A19103F-16F7-4668-BE54-9A1E7A4F7556}") = "Codenception.StairwayPatternArchitecture.Domain", "Codenception.StairwayPatternArchitecture.Domain\Codenception.StairwayPatternArchitecture.Domain.csproj", "{7A74D2BF-D9EB-46E7-AEA4-AE2DAE1DC29A}"
EndProject
Project("{9A19103F-16F7-4668-BE54-9A1E7A4F7556}") = "Codenception.StairwayPatternArchitecture.Services.Interfaces", "Codenception.StairwayPatternArchitecture.Services.Interfaces\Codenception.StairwayPatternArchitecture.Services.Interfaces.csproj", "{0BF3E256-FD43-4907-BBB2-1266C38E0039}"
EndProject
Project("{9A19103F-16F7-4668-BE54-9A1E7A4F7556}") = "Codenception.StairwayPatternArchitecture.Services", "Codenception.StairwayPatternArchitecture.Services\Codenception.StairwayPatternArchitecture.Services.csproj", "{6065FE84-0672-4A1B-9A43-FDA371C77852}"
EndProject
Project("{2150E333-8FDC-42A3-9474-1A3956D46DE8}") = "Solution Items", "Solution Items", "{2CF0DDE2-0E5F-4581-8964-9F936CA77308}"
	ProjectSection(SolutionItems) = preProject
		appveyor.yml = appveyor.yml
		CodeMap.dgml = CodeMap.dgml
		EntourageAntiPattern.png = EntourageAntiPattern.png
		README.md = README.md
		StairwayPattern.png = StairwayPattern.png
	EndProjectSection
EndProject
Project("{9A19103F-16F7-4668-BE54-9A1E7A4F7556}") = "Codenception.StairwayPatternArchitecture.Clients.ConsoleApp", "Codenception.StairwayPatternArchitecture.Clients.ConsoleApp\Codenception.StairwayPatternArchitecture.Clients.ConsoleApp.csproj", "{7870C0F4-39CA-4872-816A-FE017EC64F67}"
EndProject
Project("{9A19103F-16F7-4668-BE54-9A1E7A4F7556}") = "Codenception.StairwayPatternArchitecture.Clients.WebApi", "Codenception.StairwayPatternArchitecture.Clients.WebApi\Codenception.StairwayPatternArchitecture.Clients.WebApi.csproj", "{DD56E6E7-E73F-4940-A11E-2FF41A812562}"
EndProject
Project("{9A19103F-16F7-4668-BE54-9A1E7A4F7556}") = "Codenception.StairwayPatternArchitecture.Domain.UnitTests", "Codenception.StairwayPatternArchitecture.Domain.UnitTests\Codenception.StairwayPatternArchitecture.Domain.UnitTests.csproj", "{08BBA0AE-7D14-445B-8E34-CADD7D5A6002}"
EndProject
Project("{9A19103F-16F7-4668-BE54-9A1E7A4F7556}") = "Codenception.StairwayPatternArchitecture.Services.UnitTests", "Codenception.StairwayPatternArchitecture.Services.UnitTests\Codenception.StairwayPatternArchitecture.Services.UnitTests.csproj", "{FDF2B684-1DC5-4ABE-B427-F149B7D78CF6}"
EndProject
Project("{9A19103F-16F7-4668-BE54-9A1E7A4F7556}") = "Codenception.StairwayPatternArchitecture.Infrastructure.Database.Interfaces", "Codenception.StairwayPatternArchitecture.Infrastructure.Database.Interfaces\Codenception.StairwayPatternArchitecture.Infrastructure.Database.Interfaces.csproj", "{D02361F3-00DF-429C-B56E-DE161CFC291A}"
EndProject
Project("{9A19103F-16F7-4668-BE54-9A1E7A4F7556}") = "Codenception.StairwayPatternArchitecture.Infrastructure.Io.Interfaces", "Codenception.StairwayPatternArchitecture.Infrastructure.Io.Interfaces\Codenception.StairwayPatternArchitecture.Infrastructure.Io.Interfaces.csproj", "{64B804B3-7216-47B0-BFB5-ECAC34764A5D}"
EndProject
Project("{9A19103F-16F7-4668-BE54-9A1E7A4F7556}") = "Codenception.StairwayPatternArchitecture.Infrastructure.Caching.Interfaces", "Codenception.StairwayPatternArchitecture.Infrastructure.Caching.Interfaces\Codenception.StairwayPatternArchitecture.Infrastructure.Caching.Interfaces.csproj", "{DFCDCA2E-CDB6-4312-86A9-0B1D9D2D92EF}"
EndProject
Project("{9A19103F-16F7-4668-BE54-9A1E7A4F7556}") = "Codenception.StairwayPatternArchitecture.Infrastructure.Messsaging.Interfaces", "Codenception.StairwayPatternArchitecture.Infrastructure.Messsaging.Interfaces\Codenception.StairwayPatternArchitecture.Infrastructure.Messsaging.Interfaces.csproj", "{74BC9CF2-CB17-4F71-B2A4-DCB240EC603A}"
EndProject
Project("{FAE04EC0-301F-11D3-BF4B-00C04F79EFBC}") = "Codenception.StairwayPatternArchitecture.Domain.Repositories", "Codenception.StairwayPatternArchitecture.Domain.Repositories\Codenception.StairwayPatternArchitecture.Domain.Repositories.csproj", "{238C37B9-0A1F-4050-A65A-B0054AB61779}"
EndProject
Project("{FAE04EC0-301F-11D3-BF4B-00C04F79EFBC}") = "Codenception.StairwayPatternArchitecture.Infrastructure.Database.MsSql", "Codenception.StairwayPatternArchitecture.Infrastructure.Database.MsSql\Codenception.StairwayPatternArchitecture.Infrastructure.Database.MsSql.csproj", "{F5AFF83A-B5AD-4224-8A34-7F7EC42F561C}"
EndProject
Global
	GlobalSection(SolutionConfigurationPlatforms) = preSolution
		Debug|Any CPU = Debug|Any CPU
		Release|Any CPU = Release|Any CPU
	EndGlobalSection
	GlobalSection(ProjectConfigurationPlatforms) = postSolution
		{7F43ADC7-BB5A-419E-A6B1-E14FB8C558CC}.Debug|Any CPU.ActiveCfg = Debug|Any CPU
		{7F43ADC7-BB5A-419E-A6B1-E14FB8C558CC}.Debug|Any CPU.Build.0 = Debug|Any CPU
		{7F43ADC7-BB5A-419E-A6B1-E14FB8C558CC}.Release|Any CPU.ActiveCfg = Release|Any CPU
		{7F43ADC7-BB5A-419E-A6B1-E14FB8C558CC}.Release|Any CPU.Build.0 = Release|Any CPU
		{7A74D2BF-D9EB-46E7-AEA4-AE2DAE1DC29A}.Debug|Any CPU.ActiveCfg = Debug|Any CPU
		{7A74D2BF-D9EB-46E7-AEA4-AE2DAE1DC29A}.Debug|Any CPU.Build.0 = Debug|Any CPU
		{7A74D2BF-D9EB-46E7-AEA4-AE2DAE1DC29A}.Release|Any CPU.ActiveCfg = Release|Any CPU
		{7A74D2BF-D9EB-46E7-AEA4-AE2DAE1DC29A}.Release|Any CPU.Build.0 = Release|Any CPU
		{0BF3E256-FD43-4907-BBB2-1266C38E0039}.Debug|Any CPU.ActiveCfg = Debug|Any CPU
		{0BF3E256-FD43-4907-BBB2-1266C38E0039}.Debug|Any CPU.Build.0 = Debug|Any CPU
		{0BF3E256-FD43-4907-BBB2-1266C38E0039}.Release|Any CPU.ActiveCfg = Release|Any CPU
		{0BF3E256-FD43-4907-BBB2-1266C38E0039}.Release|Any CPU.Build.0 = Release|Any CPU
		{6065FE84-0672-4A1B-9A43-FDA371C77852}.Debug|Any CPU.ActiveCfg = Debug|Any CPU
		{6065FE84-0672-4A1B-9A43-FDA371C77852}.Debug|Any CPU.Build.0 = Debug|Any CPU
		{6065FE84-0672-4A1B-9A43-FDA371C77852}.Release|Any CPU.ActiveCfg = Release|Any CPU
		{6065FE84-0672-4A1B-9A43-FDA371C77852}.Release|Any CPU.Build.0 = Release|Any CPU
		{7870C0F4-39CA-4872-816A-FE017EC64F67}.Debug|Any CPU.ActiveCfg = Debug|Any CPU
		{7870C0F4-39CA-4872-816A-FE017EC64F67}.Debug|Any CPU.Build.0 = Debug|Any CPU
		{7870C0F4-39CA-4872-816A-FE017EC64F67}.Release|Any CPU.ActiveCfg = Release|Any CPU
		{7870C0F4-39CA-4872-816A-FE017EC64F67}.Release|Any CPU.Build.0 = Release|Any CPU
		{DD56E6E7-E73F-4940-A11E-2FF41A812562}.Debug|Any CPU.ActiveCfg = Debug|Any CPU
		{DD56E6E7-E73F-4940-A11E-2FF41A812562}.Debug|Any CPU.Build.0 = Debug|Any CPU
		{DD56E6E7-E73F-4940-A11E-2FF41A812562}.Release|Any CPU.ActiveCfg = Release|Any CPU
		{DD56E6E7-E73F-4940-A11E-2FF41A812562}.Release|Any CPU.Build.0 = Release|Any CPU
		{08BBA0AE-7D14-445B-8E34-CADD7D5A6002}.Debug|Any CPU.ActiveCfg = Debug|Any CPU
		{08BBA0AE-7D14-445B-8E34-CADD7D5A6002}.Debug|Any CPU.Build.0 = Debug|Any CPU
		{08BBA0AE-7D14-445B-8E34-CADD7D5A6002}.Release|Any CPU.ActiveCfg = Release|Any CPU
		{08BBA0AE-7D14-445B-8E34-CADD7D5A6002}.Release|Any CPU.Build.0 = Release|Any CPU
		{FDF2B684-1DC5-4ABE-B427-F149B7D78CF6}.Debug|Any CPU.ActiveCfg = Debug|Any CPU
		{FDF2B684-1DC5-4ABE-B427-F149B7D78CF6}.Debug|Any CPU.Build.0 = Debug|Any CPU
		{FDF2B684-1DC5-4ABE-B427-F149B7D78CF6}.Release|Any CPU.ActiveCfg = Release|Any CPU
		{FDF2B684-1DC5-4ABE-B427-F149B7D78CF6}.Release|Any CPU.Build.0 = Release|Any CPU
		{D02361F3-00DF-429C-B56E-DE161CFC291A}.Debug|Any CPU.ActiveCfg = Debug|Any CPU
		{D02361F3-00DF-429C-B56E-DE161CFC291A}.Debug|Any CPU.Build.0 = Debug|Any CPU
		{D02361F3-00DF-429C-B56E-DE161CFC291A}.Release|Any CPU.ActiveCfg = Release|Any CPU
		{D02361F3-00DF-429C-B56E-DE161CFC291A}.Release|Any CPU.Build.0 = Release|Any CPU
		{64B804B3-7216-47B0-BFB5-ECAC34764A5D}.Debug|Any CPU.ActiveCfg = Debug|Any CPU
		{64B804B3-7216-47B0-BFB5-ECAC34764A5D}.Debug|Any CPU.Build.0 = Debug|Any CPU
		{64B804B3-7216-47B0-BFB5-ECAC34764A5D}.Release|Any CPU.ActiveCfg = Release|Any CPU
		{64B804B3-7216-47B0-BFB5-ECAC34764A5D}.Release|Any CPU.Build.0 = Release|Any CPU
		{DFCDCA2E-CDB6-4312-86A9-0B1D9D2D92EF}.Debug|Any CPU.ActiveCfg = Debug|Any CPU
		{DFCDCA2E-CDB6-4312-86A9-0B1D9D2D92EF}.Debug|Any CPU.Build.0 = Debug|Any CPU
		{DFCDCA2E-CDB6-4312-86A9-0B1D9D2D92EF}.Release|Any CPU.ActiveCfg = Release|Any CPU
		{DFCDCA2E-CDB6-4312-86A9-0B1D9D2D92EF}.Release|Any CPU.Build.0 = Release|Any CPU
		{74BC9CF2-CB17-4F71-B2A4-DCB240EC603A}.Debug|Any CPU.ActiveCfg = Debug|Any CPU
		{74BC9CF2-CB17-4F71-B2A4-DCB240EC603A}.Debug|Any CPU.Build.0 = Debug|Any CPU
		{74BC9CF2-CB17-4F71-B2A4-DCB240EC603A}.Release|Any CPU.ActiveCfg = Release|Any CPU
		{74BC9CF2-CB17-4F71-B2A4-DCB240EC603A}.Release|Any CPU.Build.0 = Release|Any CPU
		{238C37B9-0A1F-4050-A65A-B0054AB61779}.Debug|Any CPU.ActiveCfg = Debug|Any CPU
		{238C37B9-0A1F-4050-A65A-B0054AB61779}.Debug|Any CPU.Build.0 = Debug|Any CPU
		{238C37B9-0A1F-4050-A65A-B0054AB61779}.Release|Any CPU.ActiveCfg = Release|Any CPU
		{238C37B9-0A1F-4050-A65A-B0054AB61779}.Release|Any CPU.Build.0 = Release|Any CPU
		{F5AFF83A-B5AD-4224-8A34-7F7EC42F561C}.Debug|Any CPU.ActiveCfg = Debug|Any CPU
		{F5AFF83A-B5AD-4224-8A34-7F7EC42F561C}.Debug|Any CPU.Build.0 = Debug|Any CPU
		{F5AFF83A-B5AD-4224-8A34-7F7EC42F561C}.Release|Any CPU.ActiveCfg = Release|Any CPU
		{F5AFF83A-B5AD-4224-8A34-7F7EC42F561C}.Release|Any CPU.Build.0 = Release|Any CPU
	EndGlobalSection
	GlobalSection(SolutionProperties) = preSolution
		HideSolutionNode = FALSE
	EndGlobalSection
	GlobalSection(ExtensibilityGlobals) = postSolution
		SolutionGuid = {34326EA7-7317-4828-A39B-24740E31835D}
	EndGlobalSection
EndGlobal
